// !$*UTF8*$!
{
	archiveVersion = 1;
	classes = {
	};
	objectVersion = 55;
	objects = {

/* Begin PBXBuildFile section */
		D8C4FF4A278A1200005E6CAD /* AppDelegate.swift in Sources */ = {isa = PBXBuildFile; fileRef = D8C4FF49278A1200005E6CAD /* AppDelegate.swift */; };
		D8C4FF4C278A1200005E6CAD /* SceneDelegate.swift in Sources */ = {isa = PBXBuildFile; fileRef = D8C4FF4B278A1200005E6CAD /* SceneDelegate.swift */; };
		D8C4FF4E278A1200005E6CAD /* WeatherViewController.swift in Sources */ = {isa = PBXBuildFile; fileRef = D8C4FF4D278A1200005E6CAD /* WeatherViewController.swift */; };
		D8C4FF51278A1200005E6CAD /* Main.storyboard in Resources */ = {isa = PBXBuildFile; fileRef = D8C4FF4F278A1200005E6CAD /* Main.storyboard */; };
		D8C4FF53278A1202005E6CAD /* Assets.xcassets in Resources */ = {isa = PBXBuildFile; fileRef = D8C4FF52278A1202005E6CAD /* Assets.xcassets */; };
		D8C4FF56278A1202005E6CAD /* LaunchScreen.storyboard in Resources */ = {isa = PBXBuildFile; fileRef = D8C4FF54278A1202005E6CAD /* LaunchScreen.storyboard */; };
		D8C4FF7C278C42AF005E6CAD /* WeatherManager.swift in Sources */ = {isa = PBXBuildFile; fileRef = D8C4FF7B278C42AF005E6CAD /* WeatherManager.swift */; };
		D8CAF1D3278C4EB80097F88F /* WeatherData.swift in Sources */ = {isa = PBXBuildFile; fileRef = D8CAF1D2278C4EB80097F88F /* WeatherData.swift */; };
		D8CAF1D6278C50E20097F88F /* WeatherModel.swift in Sources */ = {isa = PBXBuildFile; fileRef = D8CAF1D5278C50E20097F88F /* WeatherModel.swift */; };
/* End PBXBuildFile section */

/* Begin PBXContainerItemProxy section */
		D8C4FF5D278A1202005E6CAD /* PBXContainerItemProxy */ = {
			isa = PBXContainerItemProxy;
			containerPortal = D8C4FF3E278A1200005E6CAD /* Project object */;
			proxyType = 1;
			remoteGlobalIDString = D8C4FF45278A1200005E6CAD;
			remoteInfo = "Clima-v2";
		};
		D8C4FF67278A1202005E6CAD /* PBXContainerItemProxy */ = {
			isa = PBXContainerItemProxy;
			containerPortal = D8C4FF3E278A1200005E6CAD /* Project object */;
			proxyType = 1;
			remoteGlobalIDString = D8C4FF45278A1200005E6CAD;
			remoteInfo = "Clima-v2";
		};
/* End PBXContainerItemProxy section */

/* Begin PBXFileReference section */
		D8C4FF46278A1200005E6CAD /* Clima-v2.app */ = {isa = PBXFileReference; explicitFileType = wrapper.application; includeInIndex = 0; path = "Clima-v2.app"; sourceTree = BUILT_PRODUCTS_DIR; };
		D8C4FF49278A1200005E6CAD /* AppDelegate.swift */ = {isa = PBXFileReference; lastKnownFileType = sourcecode.swift; path = AppDelegate.swift; sourceTree = "<group>"; };
		D8C4FF4B278A1200005E6CAD /* SceneDelegate.swift */ = {isa = PBXFileReference; lastKnownFileType = sourcecode.swift; path = SceneDelegate.swift; sourceTree = "<group>"; };
		D8C4FF4D278A1200005E6CAD /* WeatherViewController.swift */ = {isa = PBXFileReference; lastKnownFileType = sourcecode.swift; path = WeatherViewController.swift; sourceTree = "<group>"; };
		D8C4FF50278A1200005E6CAD /* Base */ = {isa = PBXFileReference; lastKnownFileType = file.storyboard; name = Base; path = Base.lproj/Main.storyboard; sourceTree = "<group>"; };
		D8C4FF52278A1202005E6CAD /* Assets.xcassets */ = {isa = PBXFileReference; lastKnownFileType = folder.assetcatalog; path = Assets.xcassets; sourceTree = "<group>"; };
		D8C4FF55278A1202005E6CAD /* Base */ = {isa = PBXFileReference; lastKnownFileType = file.storyboard; name = Base; path = Base.lproj/LaunchScreen.storyboard; sourceTree = "<group>"; };
		D8C4FF57278A1202005E6CAD /* Info.plist */ = {isa = PBXFileReference; lastKnownFileType = text.plist.xml; path = Info.plist; sourceTree = "<group>"; };
		D8C4FF5C278A1202005E6CAD /* Clima-v2Tests.xctest */ = {isa = PBXFileReference; explicitFileType = wrapper.cfbundle; includeInIndex = 0; path = "Clima-v2Tests.xctest"; sourceTree = BUILT_PRODUCTS_DIR; };
		D8C4FF66278A1202005E6CAD /* Clima-v2UITests.xctest */ = {isa = PBXFileReference; explicitFileType = wrapper.cfbundle; includeInIndex = 0; path = "Clima-v2UITests.xctest"; sourceTree = BUILT_PRODUCTS_DIR; };
		D8C4FF7B278C42AF005E6CAD /* WeatherManager.swift */ = {isa = PBXFileReference; lastKnownFileType = sourcecode.swift; path = WeatherManager.swift; sourceTree = "<group>"; };
		D8CAF1D2278C4EB80097F88F /* WeatherData.swift */ = {isa = PBXFileReference; lastKnownFileType = sourcecode.swift; path = WeatherData.swift; sourceTree = "<group>"; };
		D8CAF1D5278C50E20097F88F /* WeatherModel.swift */ = {isa = PBXFileReference; lastKnownFileType = sourcecode.swift; path = WeatherModel.swift; sourceTree = "<group>"; };
/* End PBXFileReference section */

/* Begin PBXFrameworksBuildPhase section */
		D8C4FF43278A1200005E6CAD /* Frameworks */ = {
			isa = PBXFrameworksBuildPhase;
			buildActionMask = 2147483647;
			files = (
			);
			runOnlyForDeploymentPostprocessing = 0;
		};
		D8C4FF59278A1202005E6CAD /* Frameworks */ = {
			isa = PBXFrameworksBuildPhase;
			buildActionMask = 2147483647;
			files = (
			);
			runOnlyForDeploymentPostprocessing = 0;
		};
		D8C4FF63278A1202005E6CAD /* Frameworks */ = {
			isa = PBXFrameworksBuildPhase;
			buildActionMask = 2147483647;
			files = (
			);
			runOnlyForDeploymentPostprocessing = 0;
		};
/* End PBXFrameworksBuildPhase section */

/* Begin PBXGroup section */
		D8C4FF3D278A1200005E6CAD = {
			isa = PBXGroup;
			children = (
				D8C4FF48278A1200005E6CAD /* Clima-v2 */,
				D8C4FF47278A1200005E6CAD /* Products */,
			);
			sourceTree = "<group>";
		};
		D8C4FF47278A1200005E6CAD /* Products */ = {
			isa = PBXGroup;
			children = (
				D8C4FF46278A1200005E6CAD /* Clima-v2.app */,
				D8C4FF5C278A1202005E6CAD /* Clima-v2Tests.xctest */,
				D8C4FF66278A1202005E6CAD /* Clima-v2UITests.xctest */,
			);
			name = Products;
			sourceTree = "<group>";
		};
		D8C4FF48278A1200005E6CAD /* Clima-v2 */ = {
			isa = PBXGroup;
			children = (
				D8C4FF49278A1200005E6CAD /* AppDelegate.swift */,
				D8C4FF4B278A1200005E6CAD /* SceneDelegate.swift */,
				D8C4FF79278B5F05005E6CAD /* Model */,
				D8C4FF7E278C42E0005E6CAD /* View */,
				D8C4FF7A278B5F0E005E6CAD /* Controller */,
				D8C4FF52278A1202005E6CAD /* Assets.xcassets */,
				D8C4FF54278A1202005E6CAD /* LaunchScreen.storyboard */,
				D8C4FF57278A1202005E6CAD /* Info.plist */,
			);
			path = "Clima-v2";
			sourceTree = "<group>";
		};
		D8C4FF79278B5F05005E6CAD /* Model */ = {
			isa = PBXGroup;
			children = (
				D8C4FF7B278C42AF005E6CAD /* WeatherManager.swift */,
				D8CAF1D2278C4EB80097F88F /* WeatherData.swift */,
				D8CAF1D5278C50E20097F88F /* WeatherModel.swift */,
			);
			path = Model;
			sourceTree = "<group>";
		};
		D8C4FF7A278B5F0E005E6CAD /* Controller */ = {
			isa = PBXGroup;
			children = (
				D8C4FF4D278A1200005E6CAD /* WeatherViewController.swift */,
			);
			path = Controller;
			sourceTree = "<group>";
		};
		D8C4FF7E278C42E0005E6CAD /* View */ = {
			isa = PBXGroup;
			children = (
				D8C4FF4F278A1200005E6CAD /* Main.storyboard */,
			);
			path = View;
			sourceTree = "<group>";
		};
/* End PBXGroup section */

/* Begin PBXNativeTarget section */
		D8C4FF45278A1200005E6CAD /* Clima-v2 */ = {
			isa = PBXNativeTarget;
			buildConfigurationList = D8C4FF70278A1202005E6CAD /* Build configuration list for PBXNativeTarget "Clima-v2" */;
			buildPhases = (
				D8C4FF42278A1200005E6CAD /* Sources */,
				D8C4FF43278A1200005E6CAD /* Frameworks */,
				D8C4FF44278A1200005E6CAD /* Resources */,
			);
			buildRules = (
			);
			dependencies = (
			);
			name = "Clima-v2";
			productName = "Clima-v2";
			productReference = D8C4FF46278A1200005E6CAD /* Clima-v2.app */;
			productType = "com.apple.product-type.application";
		};
		D8C4FF5B278A1202005E6CAD /* Clima-v2Tests */ = {
			isa = PBXNativeTarget;
			buildConfigurationList = D8C4FF73278A1202005E6CAD /* Build configuration list for PBXNativeTarget "Clima-v2Tests" */;
			buildPhases = (
				D8C4FF58278A1202005E6CAD /* Sources */,
				D8C4FF59278A1202005E6CAD /* Frameworks */,
				D8C4FF5A278A1202005E6CAD /* Resources */,
			);
			buildRules = (
			);
			dependencies = (
				D8C4FF5E278A1202005E6CAD /* PBXTargetDependency */,
			);
			name = "Clima-v2Tests";
			productName = "Clima-v2Tests";
			productReference = D8C4FF5C278A1202005E6CAD /* Clima-v2Tests.xctest */;
			productType = "com.apple.product-type.bundle.unit-test";
		};
		D8C4FF65278A1202005E6CAD /* Clima-v2UITests */ = {
			isa = PBXNativeTarget;
			buildConfigurationList = D8C4FF76278A1202005E6CAD /* Build configuration list for PBXNativeTarget "Clima-v2UITests" */;
			buildPhases = (
				D8C4FF62278A1202005E6CAD /* Sources */,
				D8C4FF63278A1202005E6CAD /* Frameworks */,
				D8C4FF64278A1202005E6CAD /* Resources */,
			);
			buildRules = (
			);
			dependencies = (
				D8C4FF68278A1202005E6CAD /* PBXTargetDependency */,
			);
			name = "Clima-v2UITests";
			productName = "Clima-v2UITests";
			productReference = D8C4FF66278A1202005E6CAD /* Clima-v2UITests.xctest */;
			productType = "com.apple.product-type.bundle.ui-testing";
		};
/* End PBXNativeTarget section */

/* Begin PBXProject section */
		D8C4FF3E278A1200005E6CAD /* Project object */ = {
			isa = PBXProject;
			attributes = {
				BuildIndependentTargetsInParallel = 1;
				LastSwiftUpdateCheck = 1310;
				LastUpgradeCheck = 1310;
				TargetAttributes = {
					D8C4FF45278A1200005E6CAD = {
						CreatedOnToolsVersion = 13.1;
					};
					D8C4FF5B278A1202005E6CAD = {
						CreatedOnToolsVersion = 13.1;
						TestTargetID = D8C4FF45278A1200005E6CAD;
					};
					D8C4FF65278A1202005E6CAD = {
						CreatedOnToolsVersion = 13.1;
						TestTargetID = D8C4FF45278A1200005E6CAD;
					};
				};
			};
			buildConfigurationList = D8C4FF41278A1200005E6CAD /* Build configuration list for PBXProject "Clima-v2" */;
			compatibilityVersion = "Xcode 13.0";
			developmentRegion = en;
			hasScannedForEncodings = 0;
			knownRegions = (
				en,
				Base,
			);
			mainGroup = D8C4FF3D278A1200005E6CAD;
			productRefGroup = D8C4FF47278A1200005E6CAD /* Products */;
			projectDirPath = "";
			projectRoot = "";
			targets = (
				D8C4FF45278A1200005E6CAD /* Clima-v2 */,
				D8C4FF5B278A1202005E6CAD /* Clima-v2Tests */,
				D8C4FF65278A1202005E6CAD /* Clima-v2UITests */,
			);
		};
/* End PBXProject section */

/* Begin PBXResourcesBuildPhase section */
		D8C4FF44278A1200005E6CAD /* Resources */ = {
			isa = PBXResourcesBuildPhase;
			buildActionMask = 2147483647;
			files = (
				D8C4FF56278A1202005E6CAD /* LaunchScreen.storyboard in Resources */,
				D8C4FF53278A1202005E6CAD /* Assets.xcassets in Resources */,
				D8C4FF51278A1200005E6CAD /* Main.storyboard in Resources */,
			);
			runOnlyForDeploymentPostprocessing = 0;
		};
		D8C4FF5A278A1202005E6CAD /* Resources */ = {
			isa = PBXResourcesBuildPhase;
			buildActionMask = 2147483647;
			files = (
			);
			runOnlyForDeploymentPostprocessing = 0;
		};
		D8C4FF64278A1202005E6CAD /* Resources */ = {
			isa = PBXResourcesBuildPhase;
			buildActionMask = 2147483647;
			files = (
			);
			runOnlyForDeploymentPostprocessing = 0;
		};
/* End PBXResourcesBuildPhase section */

/* Begin PBXSourcesBuildPhase section */
		D8C4FF42278A1200005E6CAD /* Sources */ = {
			isa = PBXSourcesBuildPhase;
			buildActionMask = 2147483647;
			files = (
				D8C4FF4E278A1200005E6CAD /* WeatherViewController.swift in Sources */,
				D8CAF1D3278C4EB80097F88F /* WeatherData.swift in Sources */,
				D8C4FF4A278A1200005E6CAD /* AppDelegate.swift in Sources */,
				D8C4FF7C278C42AF005E6CAD /* WeatherManager.swift in Sources */,
				D8CAF1D6278C50E20097F88F /* WeatherModel.swift in Sources */,
				D8C4FF4C278A1200005E6CAD /* SceneDelegate.swift in Sources */,
			);
			runOnlyForDeploymentPostprocessing = 0;
		};
		D8C4FF58278A1202005E6CAD /* Sources */ = {
			isa = PBXSourcesBuildPhase;
			buildActionMask = 2147483647;
			files = (
			);
			runOnlyForDeploymentPostprocessing = 0;
		};
		D8C4FF62278A1202005E6CAD /* Sources */ = {
			isa = PBXSourcesBuildPhase;
			buildActionMask = 2147483647;
			files = (
			);
			runOnlyForDeploymentPostprocessing = 0;
		};
/* End PBXSourcesBuildPhase section */

/* Begin PBXTargetDependency section */
		D8C4FF5E278A1202005E6CAD /* PBXTargetDependency */ = {
			isa = PBXTargetDependency;
			target = D8C4FF45278A1200005E6CAD /* Clima-v2 */;
			targetProxy = D8C4FF5D278A1202005E6CAD /* PBXContainerItemProxy */;
		};
		D8C4FF68278A1202005E6CAD /* PBXTargetDependency */ = {
			isa = PBXTargetDependency;
			target = D8C4FF45278A1200005E6CAD /* Clima-v2 */;
			targetProxy = D8C4FF67278A1202005E6CAD /* PBXContainerItemProxy */;
		};
/* End PBXTargetDependency section */

/* Begin PBXVariantGroup section */
		D8C4FF4F278A1200005E6CAD /* Main.storyboard */ = {
			isa = PBXVariantGroup;
			children = (
				D8C4FF50278A1200005E6CAD /* Base */,
			);
			name = Main.storyboard;
			sourceTree = "<group>";
		};
		D8C4FF54278A1202005E6CAD /* LaunchScreen.storyboard */ = {
			isa = PBXVariantGroup;
			children = (
				D8C4FF55278A1202005E6CAD /* Base */,
			);
			name = LaunchScreen.storyboard;
			sourceTree = "<group>";
		};
/* End PBXVariantGroup section */

/* Begin XCBuildConfiguration section */
		D8C4FF6E278A1202005E6CAD /* Debug */ = {
			isa = XCBuildConfiguration;
			buildSettings = {
				ALWAYS_SEARCH_USER_PATHS = NO;
				CLANG_ANALYZER_NONNULL = YES;
				CLANG_ANALYZER_NUMBER_OBJECT_CONVERSION = YES_AGGRESSIVE;
				CLANG_CXX_LANGUAGE_STANDARD = "gnu++17";
				CLANG_CXX_LIBRARY = "libc++";
				CLANG_ENABLE_MODULES = YES;
				CLANG_ENABLE_OBJC_ARC = YES;
				CLANG_ENABLE_OBJC_WEAK = YES;
				CLANG_WARN_BLOCK_CAPTURE_AUTORELEASING = YES;
				CLANG_WARN_BOOL_CONVERSION = YES;
				CLANG_WARN_COMMA = YES;
				CLANG_WARN_CONSTANT_CONVERSION = YES;
				CLANG_WARN_DEPRECATED_OBJC_IMPLEMENTATIONS = YES;
				CLANG_WARN_DIRECT_OBJC_ISA_USAGE = YES_ERROR;
				CLANG_WARN_DOCUMENTATION_COMMENTS = YES;
				CLANG_WARN_EMPTY_BODY = YES;
				CLANG_WARN_ENUM_CONVERSION = YES;
				CLANG_WARN_INFINITE_RECURSION = YES;
				CLANG_WARN_INT_CONVERSION = YES;
				CLANG_WARN_NON_LITERAL_NULL_CONVERSION = YES;
				CLANG_WARN_OBJC_IMPLICIT_RETAIN_SELF = YES;
				CLANG_WARN_OBJC_LITERAL_CONVERSION = YES;
				CLANG_WARN_OBJC_ROOT_CLASS = YES_ERROR;
				CLANG_WARN_QUOTED_INCLUDE_IN_FRAMEWORK_HEADER = YES;
				CLANG_WARN_RANGE_LOOP_ANALYSIS = YES;
				CLANG_WARN_STRICT_PROTOTYPES = YES;
				CLANG_WARN_SUSPICIOUS_MOVE = YES;
				CLANG_WARN_UNGUARDED_AVAILABILITY = YES_AGGRESSIVE;
				CLANG_WARN_UNREACHABLE_CODE = YES;
				CLANG_WARN__DUPLICATE_METHOD_MATCH = YES;
				COPY_PHASE_STRIP = NO;
				DEBUG_INFORMATION_FORMAT = dwarf;
				ENABLE_STRICT_OBJC_MSGSEND = YES;
				ENABLE_TESTABILITY = YES;
				GCC_C_LANGUAGE_STANDARD = gnu11;
				GCC_DYNAMIC_NO_PIC = NO;
				GCC_NO_COMMON_BLOCKS = YES;
				GCC_OPTIMIZATION_LEVEL = 0;
				GCC_PREPROCESSOR_DEFINITIONS = (
					"DEBUG=1",
					"$(inherited)",
				);
				GCC_WARN_64_TO_32_BIT_CONVERSION = YES;
				GCC_WARN_ABOUT_RETURN_TYPE = YES_ERROR;
				GCC_WARN_UNDECLARED_SELECTOR = YES;
				GCC_WARN_UNINITIALIZED_AUTOS = YES_AGGRESSIVE;
				GCC_WARN_UNUSED_FUNCTION = YES;
				GCC_WARN_UNUSED_VARIABLE = YES;
				IPHONEOS_DEPLOYMENT_TARGET = 15.0;
				MTL_ENABLE_DEBUG_INFO = INCLUDE_SOURCE;
				MTL_FAST_MATH = YES;
				ONLY_ACTIVE_ARCH = YES;
				SDKROOT = iphoneos;
				SWIFT_ACTIVE_COMPILATION_CONDITIONS = DEBUG;
				SWIFT_OPTIMIZATION_LEVEL = "-Onone";
			};
			name = Debug;
		};
		D8C4FF6F278A1202005E6CAD /* Release */ = {
			isa = XCBuildConfiguration;
			buildSettings = {
				ALWAYS_SEARCH_USER_PATHS = NO;
				CLANG_ANALYZER_NONNULL = YES;
				CLANG_ANALYZER_NUMBER_OBJECT_CONVERSION = YES_AGGRESSIVE;
				CLANG_CXX_LANGUAGE_STANDARD = "gnu++17";
				CLANG_CXX_LIBRARY = "libc++";
				CLANG_ENABLE_MODULES = YES;
				CLANG_ENABLE_OBJC_ARC = YES;
				CLANG_ENABLE_OBJC_WEAK = YES;
				CLANG_WARN_BLOCK_CAPTURE_AUTORELEASING = YES;
				CLANG_WARN_BOOL_CONVERSION = YES;
				CLANG_WARN_COMMA = YES;
				CLANG_WARN_CONSTANT_CONVERSION = YES;
				CLANG_WARN_DEPRECATED_OBJC_IMPLEMENTATIONS = YES;
				CLANG_WARN_DIRECT_OBJC_ISA_USAGE = YES_ERROR;
				CLANG_WARN_DOCUMENTATION_COMMENTS = YES;
				CLANG_WARN_EMPTY_BODY = YES;
				CLANG_WARN_ENUM_CONVERSION = YES;
				CLANG_WARN_INFINITE_RECURSION = YES;
				CLANG_WARN_INT_CONVERSION = YES;
				CLANG_WARN_NON_LITERAL_NULL_CONVERSION = YES;
				CLANG_WARN_OBJC_IMPLICIT_RETAIN_SELF = YES;
				CLANG_WARN_OBJC_LITERAL_CONVERSION = YES;
				CLANG_WARN_OBJC_ROOT_CLASS = YES_ERROR;
				CLANG_WARN_QUOTED_INCLUDE_IN_FRAMEWORK_HEADER = YES;
				CLANG_WARN_RANGE_LOOP_ANALYSIS = YES;
				CLANG_WARN_STRICT_PROTOTYPES = YES;
				CLANG_WARN_SUSPICIOUS_MOVE = YES;
				CLANG_WARN_UNGUARDED_AVAILABILITY = YES_AGGRESSIVE;
				CLANG_WARN_UNREACHABLE_CODE = YES;
				CLANG_WARN__DUPLICATE_METHOD_MATCH = YES;
				COPY_PHASE_STRIP = NO;
				DEBUG_INFORMATION_FORMAT = "dwarf-with-dsym";
				ENABLE_NS_ASSERTIONS = NO;
				ENABLE_STRICT_OBJC_MSGSEND = YES;
				GCC_C_LANGUAGE_STANDARD = gnu11;
				GCC_NO_COMMON_BLOCKS = YES;
				GCC_WARN_64_TO_32_BIT_CONVERSION = YES;
				GCC_WARN_ABOUT_RETURN_TYPE = YES_ERROR;
				GCC_WARN_UNDECLARED_SELECTOR = YES;
				GCC_WARN_UNINITIALIZED_AUTOS = YES_AGGRESSIVE;
				GCC_WARN_UNUSED_FUNCTION = YES;
				GCC_WARN_UNUSED_VARIABLE = YES;
				IPHONEOS_DEPLOYMENT_TARGET = 15.0;
				MTL_ENABLE_DEBUG_INFO = NO;
				MTL_FAST_MATH = YES;
				SDKROOT = iphoneos;
				SWIFT_COMPILATION_MODE = wholemodule;
				SWIFT_OPTIMIZATION_LEVEL = "-O";
				VALIDATE_PRODUCT = YES;
			};
			name = Release;
		};
		D8C4FF71278A1202005E6CAD /* Debug */ = {
			isa = XCBuildConfiguration;
			buildSettings = {
				ASSETCATALOG_COMPILER_APPICON_NAME = AppIcon;
				ASSETCATALOG_COMPILER_GLOBAL_ACCENT_COLOR_NAME = AccentColor;
				CODE_SIGN_STYLE = Automatic;
				CURRENT_PROJECT_VERSION = 1;
				DEVELOPMENT_TEAM = 6327CVQ42J;
				GENERATE_INFOPLIST_FILE = YES;
				INFOPLIST_FILE = "Clima-v2/Info.plist";
				INFOPLIST_KEY_UIApplicationSupportsIndirectInputEvents = YES;
				INFOPLIST_KEY_UILaunchStoryboardName = LaunchScreen;
				INFOPLIST_KEY_UIMainStoryboardFile = Main;
				INFOPLIST_KEY_UISupportedInterfaceOrientations_iPad = "UIInterfaceOrientationPortrait UIInterfaceOrientationPortraitUpsideDown UIInterfaceOrientationLandscapeLeft UIInterfaceOrientationLandscapeRight";
				INFOPLIST_KEY_UISupportedInterfaceOrientations_iPhone = "UIInterfaceOrientationPortrait UIInterfaceOrientationLandscapeLeft UIInterfaceOrientationLandscapeRight";
				LD_RUNPATH_SEARCH_PATHS = (
					"$(inherited)",
					"@executable_path/Frameworks",
				);
				MARKETING_VERSION = 1.0;
				PRODUCT_BUNDLE_IDENTIFIER = "com.mcgarryjoe.Clima-v2";
				PRODUCT_NAME = "$(TARGET_NAME)";
				SWIFT_EMIT_LOC_STRINGS = YES;
				SWIFT_VERSION = 5.0;
				TARGETED_DEVICE_FAMILY = "1,2";
			};
			name = Debug;
		};
		D8C4FF72278A1202005E6CAD /* Release */ = {
			isa = XCBuildConfiguration;
			buildSettings = {
				ASSETCATALOG_COMPILER_APPICON_NAME = AppIcon;
				ASSETCATALOG_COMPILER_GLOBAL_ACCENT_COLOR_NAME = AccentColor;
				CODE_SIGN_STYLE = Automatic;
				CURRENT_PROJECT_VERSION = 1;
				DEVELOPMENT_TEAM = 6327CVQ42J;
				GENERATE_INFOPLIST_FILE = YES;
				INFOPLIST_FILE = "Clima-v2/Info.plist";
				INFOPLIST_KEY_UIApplicationSupportsIndirectInputEvents = YES;
				INFOPLIST_KEY_UILaunchStoryboardName = LaunchScreen;
				INFOPLIST_KEY_UIMainStoryboardFile = Main;
				INFOPLIST_KEY_UISupportedInterfaceOrientations_iPad = "UIInterfaceOrientationPortrait UIInterfaceOrientationPortraitUpsideDown UIInterfaceOrientationLandscapeLeft UIInterfaceOrientationLandscapeRight";
				INFOPLIST_KEY_UISupportedInterfaceOrientations_iPhone = "UIInterfaceOrientationPortrait UIInterfaceOrientationLandscapeLeft UIInterfaceOrientationLandscapeRight";
				LD_RUNPATH_SEARCH_PATHS = (
					"$(inherited)",
					"@executable_path/Frameworks",
				);
				MARKETING_VERSION = 1.0;
				PRODUCT_BUNDLE_IDENTIFIER = "com.mcgarryjoe.Clima-v2";
				PRODUCT_NAME = "$(TARGET_NAME)";
				SWIFT_EMIT_LOC_STRINGS = YES;
				SWIFT_VERSION = 5.0;
				TARGETED_DEVICE_FAMILY = "1,2";
			};
			name = Release;
		};
		D8C4FF74278A1202005E6CAD /* Debug */ = {
			isa = XCBuildConfiguration;
			buildSettings = {
				ALWAYS_EMBED_SWIFT_STANDARD_LIBRARIES = YES;
				BUNDLE_LOADER = "$(TEST_HOST)";
				CODE_SIGN_STYLE = Automatic;
				CURRENT_PROJECT_VERSION = 1;
				DEVELOPMENT_TEAM = 6327CVQ42J;
				GENERATE_INFOPLIST_FILE = YES;
				IPHONEOS_DEPLOYMENT_TARGET = 15.0;
				LD_RUNPATH_SEARCH_PATHS = (
					"$(inherited)",
					"@executable_path/Frameworks",
					"@loader_path/Frameworks",
				);
				MARKETING_VERSION = 1.0;
				PRODUCT_BUNDLE_IDENTIFIER = "com.mcgarryjoe.Clima-v2Tests";
				PRODUCT_NAME = "$(TARGET_NAME)";
				SWIFT_EMIT_LOC_STRINGS = NO;
				SWIFT_VERSION = 5.0;
				TARGETED_DEVICE_FAMILY = "1,2";
				TEST_HOST = "$(BUILT_PRODUCTS_DIR)/Clima-v2.app/Clima-v2";
			};
			name = Debug;
		};
		D8C4FF75278A1202005E6CAD /* Release */ = {
			isa = XCBuildConfiguration;
			buildSettings = {
				ALWAYS_EMBED_SWIFT_STANDARD_LIBRARIES = YES;
				BUNDLE_LOADER = "$(TEST_HOST)";
				CODE_SIGN_STYLE = Automatic;
				CURRENT_PROJECT_VERSION = 1;
				DEVELOPMENT_TEAM = 6327CVQ42J;
				GENERATE_INFOPLIST_FILE = YES;
				IPHONEOS_DEPLOYMENT_TARGET = 15.0;
				LD_RUNPATH_SEARCH_PATHS = (
					"$(inherited)",
					"@executable_path/Frameworks",
					"@loader_path/Frameworks",
				);
				MARKETING_VERSION = 1.0;
				PRODUCT_BUNDLE_IDENTIFIER = "com.mcgarryjoe.Clima-v2Tests";
				PRODUCT_NAME = "$(TARGET_NAME)";
				SWIFT_EMIT_LOC_STRINGS = NO;
				SWIFT_VERSION = 5.0;
				TARGETED_DEVICE_FAMILY = "1,2";
				TEST_HOST = "$(BUILT_PRODUCTS_DIR)/Clima-v2.app/Clima-v2";
			};
			name = Release;
		};
		D8C4FF77278A1202005E6CAD /* Debug */ = {
			isa = XCBuildConfiguration;
			buildSettings = {
				ALWAYS_EMBED_SWIFT_STANDARD_LIBRARIES = YES;
				CODE_SIGN_STYLE = Automatic;
				CURRENT_PROJECT_VERSION = 1;
				DEVELOPMENT_TEAM = 6327CVQ42J;
				GENERATE_INFOPLIST_FILE = YES;
				LD_RUNPATH_SEARCH_PATHS = (
					"$(inherited)",
					"@executable_path/Frameworks",
					"@loader_path/Frameworks",
				);
				MARKETING_VERSION = 1.0;
				PRODUCT_BUNDLE_IDENTIFIER = "com.mcgarryjoe.Clima-v2UITests";
				PRODUCT_NAME = "$(TARGET_NAME)";
				SWIFT_EMIT_LOC_STRINGS = NO;
				SWIFT_VERSION = 5.0;
				TARGETED_DEVICE_FAMILY = "1,2";
				TEST_TARGET_NAME = "Clima-v2";
			};
			name = Debug;
		};
		D8C4FF78278A1202005E6CAD /* Release */ = {
			isa = XCBuildConfiguration;
			buildSettings = {
				ALWAYS_EMBED_SWIFT_STANDARD_LIBRARIES = YES;
				CODE_SIGN_STYLE = Automatic;
				CURRENT_PROJECT_VERSION = 1;
				DEVELOPMENT_TEAM = 6327CVQ42J;
				GENERATE_INFOPLIST_FILE = YES;
				LD_RUNPATH_SEARCH_PATHS = (
					"$(inherited)",
					"@executable_path/Frameworks",
					"@loader_path/Frameworks",
				);
				MARKETING_VERSION = 1.0;
				PRODUCT_BUNDLE_IDENTIFIER = "com.mcgarryjoe.Clima-v2UITests";
				PRODUCT_NAME = "$(TARGET_NAME)";
				SWIFT_EMIT_LOC_STRINGS = NO;
				SWIFT_VERSION = 5.0;
				TARGETED_DEVICE_FAMILY = "1,2";
				TEST_TARGET_NAME = "Clima-v2";
			};
			name = Release;
		};
/* End XCBuildConfiguration section */

/* Begin XCConfigurationList section */
		D8C4FF41278A1200005E6CAD /* Build configuration list for PBXProject "Clima-v2" */ = {
			isa = XCConfigurationList;
			buildConfigurations = (
				D8C4FF6E278A1202005E6CAD /* Debug */,
				D8C4FF6F278A1202005E6CAD /* Release */,
			);
			defaultConfigurationIsVisible = 0;
			defaultConfigurationName = Release;
		};
		D8C4FF70278A1202005E6CAD /* Build configuration list for PBXNativeTarget "Clima-v2" */ = {
			isa = XCConfigurationList;
			buildConfigurations = (
				D8C4FF71278A1202005E6CAD /* Debug */,
				D8C4FF72278A1202005E6CAD /* Release */,
			);
			defaultConfigurationIsVisible = 0;
			defaultConfigurationName = Release;
		};
		D8C4FF73278A1202005E6CAD /* Build configuration list for PBXNativeTarget "Clima-v2Tests" */ = {
			isa = XCConfigurationList;
			buildConfigurations = (
				D8C4FF74278A1202005E6CAD /* Debug */,
				D8C4FF75278A1202005E6CAD /* Release */,
			);
			defaultConfigurationIsVisible = 0;
			defaultConfigurationName = Release;
		};
		D8C4FF76278A1202005E6CAD /* Build configuration list for PBXNativeTarget "Clima-v2UITests" */ = {
			isa = XCConfigurationList;
			buildConfigurations = (
				D8C4FF77278A1202005E6CAD /* Debug */,
				D8C4FF78278A1202005E6CAD /* Release */,
			);
			defaultConfigurationIsVisible = 0;
			defaultConfigurationName = Release;
		};
/* End XCConfigurationList section */
	};
	rootObject = D8C4FF3E278A1200005E6CAD /* Project object */;
}
